
Microsoft Visual Studio Solution File, Format Version 12.00
# Visual Studio Version 17
VisualStudioVersion = 17.3.32922.545
MinimumVisualStudioVersion = 10.0.40219.1
Project("{9A19103F-16F7-4668-BE54-9A1E7A4F7556}") = "BottApp.Database", "BottApp.Database\BottApp.Database.csproj", "{9786E3A2-3B3B-451A-B57A-883A2A918F58}"
EndProject
Project("{9A19103F-16F7-4668-BE54-9A1E7A4F7556}") = "BottApp.Client", "BottApp.Client\BottApp.Client.csproj", "{AA5413FD-E8B7-426B-BCCB-DDE3C936E6C1}"
EndProject
Project("{FAE04EC0-301F-11D3-BF4B-00C04F79EFBC}") = "BottApp.Database.Test", "BottApp.Database.Test\BottApp.Database.Test.csproj", "{F0DE5741-CF48-4393-9404-67D90C9003CC}"
EndProject
Project("{FAE04EC0-301F-11D3-BF4B-00C04F79EFBC}") = "BottApp.BotHost", "BottApp.BotHost\BottApp.BotHost.csproj", "{49F08DEC-8BB2-4307-B060-72FFC846B33A}"
EndProject
Project("{FAE04EC0-301F-11D3-BF4B-00C04F79EFBC}") = "BottApp.Host", "BottApp.Host\BottApp.Host.csproj", "{87A1C029-ED67-478E-90AB-C5F6D80AD000}"
	ProjectSection(ProjectDependencies) = postProject
		{9786E3A2-3B3B-451A-B57A-883A2A918F58} = {9786E3A2-3B3B-451A-B57A-883A2A918F58}
		{AA5413FD-E8B7-426B-BCCB-DDE3C936E6C1} = {AA5413FD-E8B7-426B-BCCB-DDE3C936E6C1}
	EndProjectSection
EndProject
Global
	GlobalSection(SolutionConfigurationPlatforms) = preSolution
		Debug|Any CPU = Debug|Any CPU
		Release|Any CPU = Release|Any CPU
	EndGlobalSection
	GlobalSection(ProjectConfigurationPlatforms) = postSolution
		{9786E3A2-3B3B-451A-B57A-883A2A918F58}.Debug|Any CPU.ActiveCfg = Debug|Any CPU
		{9786E3A2-3B3B-451A-B57A-883A2A918F58}.Debug|Any CPU.Build.0 = Debug|Any CPU
		{9786E3A2-3B3B-451A-B57A-883A2A918F58}.Release|Any CPU.ActiveCfg = Release|Any CPU
		{9786E3A2-3B3B-451A-B57A-883A2A918F58}.Release|Any CPU.Build.0 = Release|Any CPU
		{AA5413FD-E8B7-426B-BCCB-DDE3C936E6C1}.Debug|Any CPU.ActiveCfg = Debug|Any CPU
		{AA5413FD-E8B7-426B-BCCB-DDE3C936E6C1}.Debug|Any CPU.Build.0 = Debug|Any CPU
		{AA5413FD-E8B7-426B-BCCB-DDE3C936E6C1}.Release|Any CPU.ActiveCfg = Release|Any CPU
		{AA5413FD-E8B7-426B-BCCB-DDE3C936E6C1}.Release|Any CPU.Build.0 = Release|Any CPU
		{F0DE5741-CF48-4393-9404-67D90C9003CC}.Debug|Any CPU.ActiveCfg = Debug|Any CPU
		{F0DE5741-CF48-4393-9404-67D90C9003CC}.Debug|Any CPU.Build.0 = Debug|Any CPU
		{F0DE5741-CF48-4393-9404-67D90C9003CC}.Release|Any CPU.ActiveCfg = Release|Any CPU
		{F0DE5741-CF48-4393-9404-67D90C9003CC}.Release|Any CPU.Build.0 = Release|Any CPU
		{49F08DEC-8BB2-4307-B060-72FFC846B33A}.Debug|Any CPU.ActiveCfg = Debug|Any CPU
		{49F08DEC-8BB2-4307-B060-72FFC846B33A}.Debug|Any CPU.Build.0 = Debug|Any CPU
		{49F08DEC-8BB2-4307-B060-72FFC846B33A}.Release|Any CPU.ActiveCfg = Release|Any CPU
		{49F08DEC-8BB2-4307-B060-72FFC846B33A}.Release|Any CPU.Build.0 = Release|Any CPU
		{87A1C029-ED67-478E-90AB-C5F6D80AD000}.Debug|Any CPU.ActiveCfg = Debug|Any CPU
		{87A1C029-ED67-478E-90AB-C5F6D80AD000}.Debug|Any CPU.Build.0 = Debug|Any CPU
		{87A1C029-ED67-478E-90AB-C5F6D80AD000}.Release|Any CPU.ActiveCfg = Release|Any CPU
		{87A1C029-ED67-478E-90AB-C5F6D80AD000}.Release|Any CPU.Build.0 = Release|Any CPU
	EndGlobalSection
	GlobalSection(SolutionProperties) = preSolution
		HideSolutionNode = FALSE
	EndGlobalSection
	GlobalSection(ExtensibilityGlobals) = postSolution
		SolutionGuid = {76CF231D-FAD1-4C11-98C3-72089E76FADE}
	EndGlobalSection
EndGlobal
