
Microsoft Visual Studio Solution File, Format Version 12.00
# Visual Studio Version 17
VisualStudioVersion = 17.3.32922.545
MinimumVisualStudioVersion = 10.0.40219.1
Project("{9A19103F-16F7-4668-BE54-9A1E7A4F7556}") = "BottApp.Host", "BottApp.Host\BottApp.Host.csproj", "{4E68E413-7491-43F5-8D6B-E4D7D5D502FA}"
EndProject
Project("{9A19103F-16F7-4668-BE54-9A1E7A4F7556}") = "BottApp.Database", "BottApp.Database\BottApp.Database.csproj", "{9786E3A2-3B3B-451A-B57A-883A2A918F58}"
EndProject
Project("{9A19103F-16F7-4668-BE54-9A1E7A4F7556}") = "BottApp.Client", "BottApp.Client\BottApp.Client.csproj", "{AA5413FD-E8B7-426B-BCCB-DDE3C936E6C1}"
EndProject
Project("{FAE04EC0-301F-11D3-BF4B-00C04F79EFBC}") = "Telegram.Bot.Examples.Polling", "BotApp.NewHost\Telegram.Bot.Examples.Polling.csproj", "{7F0FE4BF-46E0-4F45-A1E1-351BF725223B}"
	ProjectSection(ProjectDependencies) = postProject
		{AA5413FD-E8B7-426B-BCCB-DDE3C936E6C1} = {AA5413FD-E8B7-426B-BCCB-DDE3C936E6C1}
	EndProjectSection
EndProject
Project("{FAE04EC0-301F-11D3-BF4B-00C04F79EFBC}") = "BottApp.Database.Test", "BottApp.Database.Test\BottApp.Database.Test.csproj", "{F0DE5741-CF48-4393-9404-67D90C9003CC}"
EndProject
Project("{FAE04EC0-301F-11D3-BF4B-00C04F79EFBC}") = "BottApp.Utils", "BottApp.Utils\BottApp.Utils.csproj", "{A40F6117-C246-4892-B76D-2B9D6CCF0A6A}"
EndProject
Global
	GlobalSection(SolutionConfigurationPlatforms) = preSolution
		Debug|Any CPU = Debug|Any CPU
		Release|Any CPU = Release|Any CPU
	EndGlobalSection
	GlobalSection(ProjectConfigurationPlatforms) = postSolution
		{4E68E413-7491-43F5-8D6B-E4D7D5D502FA}.Debug|Any CPU.ActiveCfg = Debug|Any CPU
		{4E68E413-7491-43F5-8D6B-E4D7D5D502FA}.Debug|Any CPU.Build.0 = Debug|Any CPU
		{4E68E413-7491-43F5-8D6B-E4D7D5D502FA}.Release|Any CPU.ActiveCfg = Release|Any CPU
		{4E68E413-7491-43F5-8D6B-E4D7D5D502FA}.Release|Any CPU.Build.0 = Release|Any CPU
		{9786E3A2-3B3B-451A-B57A-883A2A918F58}.Debug|Any CPU.ActiveCfg = Debug|Any CPU
		{9786E3A2-3B3B-451A-B57A-883A2A918F58}.Debug|Any CPU.Build.0 = Debug|Any CPU
		{9786E3A2-3B3B-451A-B57A-883A2A918F58}.Release|Any CPU.ActiveCfg = Release|Any CPU
		{9786E3A2-3B3B-451A-B57A-883A2A918F58}.Release|Any CPU.Build.0 = Release|Any CPU
		{AA5413FD-E8B7-426B-BCCB-DDE3C936E6C1}.Debug|Any CPU.ActiveCfg = Debug|Any CPU
		{AA5413FD-E8B7-426B-BCCB-DDE3C936E6C1}.Debug|Any CPU.Build.0 = Debug|Any CPU
		{AA5413FD-E8B7-426B-BCCB-DDE3C936E6C1}.Release|Any CPU.ActiveCfg = Release|Any CPU
		{AA5413FD-E8B7-426B-BCCB-DDE3C936E6C1}.Release|Any CPU.Build.0 = Release|Any CPU
		{7F0FE4BF-46E0-4F45-A1E1-351BF725223B}.Debug|Any CPU.ActiveCfg = Debug|Any CPU
		{7F0FE4BF-46E0-4F45-A1E1-351BF725223B}.Debug|Any CPU.Build.0 = Debug|Any CPU
		{7F0FE4BF-46E0-4F45-A1E1-351BF725223B}.Release|Any CPU.ActiveCfg = Release|Any CPU
		{7F0FE4BF-46E0-4F45-A1E1-351BF725223B}.Release|Any CPU.Build.0 = Release|Any CPU
		{F0DE5741-CF48-4393-9404-67D90C9003CC}.Debug|Any CPU.ActiveCfg = Debug|Any CPU
		{F0DE5741-CF48-4393-9404-67D90C9003CC}.Debug|Any CPU.Build.0 = Debug|Any CPU
		{F0DE5741-CF48-4393-9404-67D90C9003CC}.Release|Any CPU.ActiveCfg = Release|Any CPU
		{F0DE5741-CF48-4393-9404-67D90C9003CC}.Release|Any CPU.Build.0 = Release|Any CPU
		{A40F6117-C246-4892-B76D-2B9D6CCF0A6A}.Debug|Any CPU.ActiveCfg = Debug|Any CPU
		{A40F6117-C246-4892-B76D-2B9D6CCF0A6A}.Debug|Any CPU.Build.0 = Debug|Any CPU
		{A40F6117-C246-4892-B76D-2B9D6CCF0A6A}.Release|Any CPU.ActiveCfg = Release|Any CPU
		{A40F6117-C246-4892-B76D-2B9D6CCF0A6A}.Release|Any CPU.Build.0 = Release|Any CPU
	EndGlobalSection
	GlobalSection(SolutionProperties) = preSolution
		HideSolutionNode = FALSE
	EndGlobalSection
	GlobalSection(ExtensibilityGlobals) = postSolution
		SolutionGuid = {76CF231D-FAD1-4C11-98C3-72089E76FADE}
	EndGlobalSection
EndGlobal
